<?xml version="1.0" encoding="utf-8"?>
<Project ToolsVersion="4.0" xmlns="http://schemas.microsoft.com/developer/msbuild/2003">
  <ItemGroup>
    <Filter Include="Source Files">
      <UniqueIdentifier>{4FC737F1-C7A5-4376-A066-2A32D752A2FF}</UniqueIdentifier>
      <Extensions>cpp;c;cc;cxx;def;odl;idl;hpj;bat;asm;asmx</Extensions>
    </Filter>
    <Filter Include="Header Files">
      <UniqueIdentifier>{93995380-89BD-4b04-88EB-625FBE52EBFB}</UniqueIdentifier>
      <Extensions>h;hh;hpp;hxx;hm;inl;inc;xsd</Extensions>
    </Filter>
    <Filter Include="Resource Files">
      <UniqueIdentifier>{67DA6AB6-F800-4c08-8B7A-83BB121AAD01}</UniqueIdentifier>
      <Extensions>rc;ico;cur;bmp;dlg;rc2;rct;bin;rgs;gif;jpg;jpeg;jpe;resx;tiff;tif;png;wav;mfcribbon-ms</Extensions>
    </Filter>
    <Filter Include="Form Files">
      <UniqueIdentifier>{99349809-55BA-4b9d-BF79-8FDBB0286EB3}</UniqueIdentifier>
      <Extensions>ui</Extensions>
    </Filter>
    <Filter Include="Resource Files">
      <UniqueIdentifier>{D9D6E242-F8AF-46E4-B9FD-80ECBC20BA3E}</UniqueIdentifier>
      <Extensions>qrc;*</Extensions>
      <ParseFiles>false</ParseFiles>
    </Filter>
  </ItemGroup>
  <ItemGroup>
    <QtUic Include="ChessGame.ui">
      <Filter>Resource Files</Filter>
    </QtUic>
    <QtMoc Include="ChessGame.h">
      <Filter>Header Files</Filter>
    </QtMoc>
    <ClCompile Include="ChessGame.cpp">
      <Filter>Source Files</Filter>
    </ClCompile>
  </ItemGroup>
  <ItemGroup>
    <ClCompile Include="main.cpp">
      <Filter>Source Files</Filter>
    </ClCompile>
    <ClCompile Include="ChessBoard.cpp">
      <Filter>Source Files</Filter>
    </ClCompile>
    <ClCompile Include="ChessFigureBase.cpp">
      <Filter>Source Files</Filter>
    </ClCompile>
    <ClCompile Include="ChessGrid.cpp">
      <Filter>Source Files</Filter>
    </ClCompile>
    <ClCompile Include="MyLable.cpp">
      <Filter>Source Files</Filter>
    </ClCompile>
    <ClCompile Include="ChessMoveManager.cpp">
      <Filter>Source Files</Filter>
    </ClCompile>
    <ClCompile Include="ChessFigureRook.cpp">
      <Filter>Source Files</Filter>
    </ClCompile>
    <ClCompile Include="ChessFigureKnight.cpp">
      <Filter>Source Files</Filter>
    </ClCompile>
    <ClCompile Include="ChessFigurePawn.cpp">
      <Filter>Source Files</Filter>
    </ClCompile>
    <ClCompile Include="ChessFigureKing.cpp">
      <Filter>Source Files</Filter>
    </ClCompile>
    <ClCompile Include="ChessFigureQueen.cpp">
      <Filter>Source Files</Filter>
    </ClCompile>
    <ClCompile Include="ChessFigureBishop.cpp">
      <Filter>Source Files</Filter>
    </ClCompile>
  </ItemGroup>
  <ItemGroup>
    <QtRcc Include="ChessGame.qrc" />
  </ItemGroup>
  <ItemGroup>
    <ClInclude Include="ChessFigureBase.h">
      <Filter>Header Files</Filter>
    </ClInclude>
    <ClInclude Include="ChessGrid.h">
      <Filter>Header Files</Filter>
    </ClInclude>
    <ClInclude Include="MyLable.h">
      <Filter>Header Files</Filter>
    </ClInclude>
    <ClInclude Include="ChessFigureRook.h">
      <Filter>Header Files</Filter>
    </ClInclude>
    <ClInclude Include="ChessFigureKnight.h">
      <Filter>Header Files</Filter>
    </ClInclude>
    <ClInclude Include="ChessFigurePawn.h">
      <Filter>Header Files</Filter>
    </ClInclude>
    <ClInclude Include="ChessFigureKing.h">
      <Filter>Header Files</Filter>
    </ClInclude>
    <ClInclude Include="ChessFigureQueen.h">
      <Filter>Header Files</Filter>
    </ClInclude>
    <ClInclude Include="ChessFigureBishop.h">
      <Filter>Header Files</Filter>
    </ClInclude>
    <ClInclude Include="ChessFigureList.h">
      <Filter>Header Files</Filter>
    </ClInclude>
  </ItemGroup>
  <ItemGroup>
    <QtMoc Include="ChessMoveManager.h">
      <Filter>Header Files</Filter>
    </QtMoc>
    <QtMoc Include="ChessBoard.h">
      <Filter>Header Files</Filter>
    </QtMoc>
  </ItemGroup>
</Project>